{
  "name": "todo-stencil",
  "version": "0.0.1",
  "lockfileVersion": 1,
  "requires": true,
  "dependencies": {
    "@stencil/core": {
      "version": "1.0.6",
      "resolved": "https://registry.npmjs.org/@stencil/core/-/core-1.0.6.tgz",
      "integrity": "sha512-E2AK73WqjYkGVYZ68eUPUBNU4win4GBJdLAbwn32m0XsrIZUo8CfgjWj7Eenk70oVkYDgQjyGlYbF+IPQ5S0Ag==",
      "requires": {
        "typescript": "3.5.2"
      }
    },
    "typescript": {
      "version": "3.5.2",
      "resolved": "https://registry.npmjs.org/typescript/-/typescript-3.5.2.tgz",
      "integrity": "sha512-7KxJovlYhTX5RaRbUdkAXN1KUZ8PwWlTzQdHV6xNqvuFOs7+WBo10TQUqT19Q/Jz2hk5v9TQDIhyLhhJY4p5AA=="
    }
  }
}
