{
  "name": "@stencil/starter",
  "version": "0.0.1",
  "lockfileVersion": 1,
  "requires": true,
  "dependencies": {
    "@stencil/core": {
      "version": "1.0.4",
      "resolved": "https://registry.npmjs.org/@stencil/core/-/core-1.0.4.tgz",
      "integrity": "sha512-QGwH+h4qVzQ+Y+33DFFFnGzL+CnYuDx8/e1Y0xb4d+hc5BkHmNTheXeMFz/qN6umviF/Oojspjg8RIepyvZHUw==",
      "requires": {
        "typescript": "3.5.2"
      }
    },
    "typescript": {
      "version": "3.5.2",
      "resolved": "https://registry.npmjs.org/typescript/-/typescript-3.5.2.tgz",
      "integrity": "sha512-7KxJovlYhTX5RaRbUdkAXN1KUZ8PwWlTzQdHV6xNqvuFOs7+WBo10TQUqT19Q/Jz2hk5v9TQDIhyLhhJY4p5AA=="
    }
  }
}
