{
  "name": "atom-todo",
  "version": "0.0.1",
  "lockfileVersion": 1,
  "requires": true,
  "dependencies": {
    "atomico": {
      "version": "0.5.4",
      "resolved": "https://registry.npmjs.org/atomico/-/atomico-0.5.4.tgz",
      "integrity": "sha512-vKmXKAZ8H9bTGbqd3Ww7KexwyErSB8Rqr77gM67LyJqAyqbrGPn4ybXYQU3VXd4aEkK+VHiKVVCVsohY4jifsw=="
    }
  }
}
