{
  "name": "atom-todo",
  "version": "0.0.1",
  "lockfileVersion": 1,
  "requires": true,
  "dependencies": {
    "atomico": {
      "version": "0.7.3",
      "resolved": "https://registry.npmjs.org/atomico/-/atomico-0.7.3.tgz",
      "integrity": "sha512-5PmD10HU1GJ/ltCzHpYGIx2NSU693vESd+agZggh8AF46tFs1EZK+ICv0k5Yry2HgAUDZ14BgDrOi8kfjbR/4g=="
    }
  }
}
