{
  "name": "atom-todo",
  "version": "0.0.1",
  "lockfileVersion": 1,
  "requires": true,
  "dependencies": {
    "atomico": {
      "version": "0.5.3",
      "resolved": "https://registry.npmjs.org/atomico/-/atomico-0.5.3.tgz",
      "integrity": "sha512-Rt61QQjP4UOZLnURaEftaFYscmCJPcaa6zK7klscy1AT+rdNxr5aC4SGy0H0v9ebjYY5XF84XgNzA/UKEHhjNA=="
    }
  }
}
