{
	"name": "atomico",
	"version": "0.0.0",
	"lockfileVersion": 1,
	"requires": true,
	"dependencies": {
		"@atomico/base-element": {
			"version": "0.2.3",
			"resolved": "https://registry.npmjs.org/@atomico/base-element/-/base-element-0.2.3.tgz",
			"integrity": "sha512-eGYrsvphdrzGLPGsVTiLYzoyGpLvarlZsU/4pe81wZdXpE4pd1OYufQsD56O7MgeK5ckahw6TU800pjxA9ofOg=="
		},
		"@atomico/core": {
			"version": "1.5.2",
			"resolved": "https://registry.npmjs.org/@atomico/core/-/core-1.5.2.tgz",
			"integrity": "sha512-lW0uKTop0Qt1Nbg9AS46FA9CFR6IkPq2q3qVJ44geyg9nOXbaYpkbATmQU5X3aump6x5PdkWK5NQz/YG8DHS0w=="
		},
		"@atomico/element": {
			"version": "0.6.7",
			"resolved": "https://registry.npmjs.org/@atomico/element/-/element-0.6.7.tgz",
			"integrity": "sha512-qXB81wi2E3UTlhZ3A+Ol8YAsYn5wCL7dr/h9cqTd5dvrB23tQ5Ja8mkGlfOSKTIDogMz3zFlhd3g+Erm9oLAOA==",
			"requires": {
				"@atomico/base-element": "^0.2.x",
				"htm": "^2.1.1"
			}
		},
		"htm": {
			"version": "2.1.1",
			"resolved": "https://registry.npmjs.org/htm/-/htm-2.1.1.tgz",
			"integrity": "sha512-jgvB9nvlOE5xpI1W+juW8DPCe+Pn7mRDNaE4EOQNFqROm0O3l5deOvefK8C8hUaL1OHIX45mDEBSj7BMt+22VQ=="
		}
	}
}
