{
  "name": "native-shadow-dom-riot",
  "version": "1.0.0",
  "lockfileVersion": 1,
  "requires": true,
  "dependencies": {
    "@riotjs/compiler": {
      "version": "4.3.10",
      "resolved": "https://registry.npmjs.org/@riotjs/compiler/-/compiler-4.3.10.tgz",
      "integrity": "sha512-xIibWpBok4JXlb6eQ5pMt8BGafoNMztUNNIHi/Rv496ErFBGhR2qyN4EHx5cg745u+OrXVk2tluLvEGvCd0Xvw==",
      "requires": {
        "@riotjs/dom-bindings": "^4.2.5",
        "@riotjs/parser": "^4.0.3",
        "acorn": "^7.0.0",
        "cssesc": "^3.0.0",
        "cumpa": "^1.0.1",
        "curri": "^1.0.1",
        "dom-nodes": "^1.1.3",
        "globals": "^12.0.0",
        "recast": "^0.18.2",
        "source-map": "^0.7.3"
      }
    },
    "@riotjs/dom-bindings": {
      "version": "4.2.5",
      "resolved": "https://registry.npmjs.org/@riotjs/dom-bindings/-/dom-bindings-4.2.5.tgz",
      "integrity": "sha512-Oy2xD/jZOrJy6HQvsnA8wYQcKHi43LXWMnx4WAb0urSYXGDY1lYy3XcnYDJcg4C5w5+iymZorqQajysc2BefAQ==",
      "requires": {
        "domdiff": "^2.0.6"
      }
    },
    "@riotjs/parser": {
      "version": "4.0.3",
      "resolved": "https://registry.npmjs.org/@riotjs/parser/-/parser-4.0.3.tgz",
      "integrity": "sha512-mP10ljXVJ2T0uD6FD9ZKRs1TZZiL6LcXRQJYUCbQ2tNePaKDfcsteuL3O+rk77zNwSgYfEPMSwk9gkcqCy7L7w==",
      "requires": {
        "curri": "^1.0.1",
        "dom-nodes": "^1.0.0"
      }
    },
    "@ungap/essential-map": {
      "version": "0.2.0",
      "resolved": "https://registry.npmjs.org/@ungap/essential-map/-/essential-map-0.2.0.tgz",
      "integrity": "sha512-PM7rUPhH2IAeDZXGjMi1KwNVW/4b/wxfzlPkZSXacHA5A98n+PdCou+HD2EaeXlO8pY5Tp81Ysg+J2xB7J/mjw=="
    },
    "acorn": {
      "version": "7.0.0",
      "resolved": "https://registry.npmjs.org/acorn/-/acorn-7.0.0.tgz",
      "integrity": "sha512-PaF/MduxijYYt7unVGRuds1vBC9bFxbNf+VWqhOClfdgy7RlVkQqt610ig1/yxTgsDIfW1cWDel5EBbOy3jdtQ=="
    },
    "ast-types": {
      "version": "0.13.2",
      "resolved": "https://registry.npmjs.org/ast-types/-/ast-types-0.13.2.tgz",
      "integrity": "sha512-uWMHxJxtfj/1oZClOxDEV1sQ1HCDkA4MG8Gr69KKeBjEVH0R84WlejZ0y2DcwyBlpAEMltmVYkVgqfLFb2oyiA=="
    },
    "bianco.attr": {
      "version": "1.0.0",
      "resolved": "https://registry.npmjs.org/bianco.attr/-/bianco.attr-1.0.0.tgz",
      "integrity": "sha512-ry700auBXrfRcn18wgOlDeCIAOy1HKnUrM96hc2xbzt4FQL+pfXTUGrt++gg9/rpp7JD4JUXi0X1OB7um+jm2w==",
      "requires": {
        "bianco.dom-to-array": "^0.0.10"
      }
    },
    "bianco.dom-to-array": {
      "version": "0.0.10",
      "resolved": "https://registry.npmjs.org/bianco.dom-to-array/-/bianco.dom-to-array-0.0.10.tgz",
      "integrity": "sha512-EFYkcEGPmIqatvh+6I2eF6/X4mDtEyGoBucqmudJ5qABbFOw3RPIWB913aLD1FTaux8pZtYzD/yvcwGJKSNgXg=="
    },
    "bianco.query": {
      "version": "1.0.0",
      "resolved": "https://registry.npmjs.org/bianco.query/-/bianco.query-1.0.0.tgz",
      "integrity": "sha512-pDstv5+tsuw//wNuPnXuf4DjyN116tcH/a7hxbqH1OpWMsBgBkp/O29uxlWEZWN5e6hCaGajLNA9CAGTsgYeWw==",
      "requires": {
        "bianco.dom-to-array": "^0.0.10"
      }
    },
    "cssesc": {
      "version": "3.0.0",
      "resolved": "https://registry.npmjs.org/cssesc/-/cssesc-3.0.0.tgz",
      "integrity": "sha512-/Tb/JcjK111nNScGob5MNtsntNM1aCNUDipB/TkwZFhyDrrE47SOx/18wF2bbjgc3ZzCSKW1T5nt5EbFoAz/Vg=="
    },
    "cumpa": {
      "version": "1.0.1",
      "resolved": "https://registry.npmjs.org/cumpa/-/cumpa-1.0.1.tgz",
      "integrity": "sha512-Ew3sfG4cqvDFINS1VgdvLX1FIruhySlnP6DRLhB+1EjewiOzhJzKRKPEp/TCuo0RDisSFeuaDrk0S4Q8grF9CA=="
    },
    "curri": {
      "version": "1.0.1",
      "resolved": "https://registry.npmjs.org/curri/-/curri-1.0.1.tgz",
      "integrity": "sha512-VwFb2MGqN0A1RPA0vSgDRSWc0c+V6N9yz8pVYJ9AXILAukRAyCZP5Sqp4VdOxgw1lT0t5oaplwIDT/ruF3Nz7Q=="
    },
    "dom-nodes": {
      "version": "1.1.3",
      "resolved": "https://registry.npmjs.org/dom-nodes/-/dom-nodes-1.1.3.tgz",
      "integrity": "sha512-y5wnIx97oe0IqMllL/lizgkK2c9vu1cQeqPCCsS7mwNdPuYxg3b04eDJynHhC63kM8+ZsteOmiPElfVGOUmmKg=="
    },
    "domdiff": {
      "version": "2.0.6",
      "resolved": "https://registry.npmjs.org/domdiff/-/domdiff-2.0.6.tgz",
      "integrity": "sha512-ukABHzT+BXvfzs073+xbKCq34EDhjxpAI4NXhoum6Oq8Zn+fn+yRMeW9amH25B3xh/2nZR+LeGmCeOdMBnHLVg==",
      "requires": {
        "@ungap/essential-map": "^0.2.0"
      }
    },
    "esprima": {
      "version": "4.0.1",
      "resolved": "https://registry.npmjs.org/esprima/-/esprima-4.0.1.tgz",
      "integrity": "sha512-eGuFFw7Upda+g4p+QHvnW0RyTX/SVeJBDM/gCtMARO0cLuT2HcEKnTPvhjV6aGeqrCB/sbNop0Kszm0jsaWU4A=="
    },
    "globals": {
      "version": "12.0.0",
      "resolved": "https://registry.npmjs.org/globals/-/globals-12.0.0.tgz",
      "integrity": "sha512-c9xoi32iDwlETiyYfO0pd3M8GcEuytJinSoqq7k3fz4H8p2p31NyfKr7JVd7Y0QvmtWcWXcwqW4L33eeDYgh1A==",
      "requires": {
        "type-fest": "^0.6.0"
      }
    },
    "private": {
      "version": "0.1.8",
      "resolved": "https://registry.npmjs.org/private/-/private-0.1.8.tgz",
      "integrity": "sha512-VvivMrbvd2nKkiG38qjULzlc+4Vx4wm/whI9pQD35YrARNnhxeiRktSOhSukRLFNlzg6Br/cJPet5J/u19r/mg=="
    },
    "recast": {
      "version": "0.18.2",
      "resolved": "https://registry.npmjs.org/recast/-/recast-0.18.2.tgz",
      "integrity": "sha512-MbuHc1lzIDIn7bpxaqIAGwwtyaokkzPqINf1Vm/LA0BSyVrTgXNVTTT7RzWC9kP+vqrUoYVpd6wHhI8x75ej8w==",
      "requires": {
        "ast-types": "0.13.2",
        "esprima": "~4.0.0",
        "private": "^0.1.8",
        "source-map": "~0.6.1"
      },
      "dependencies": {
        "source-map": {
          "version": "0.6.1",
          "resolved": "https://registry.npmjs.org/source-map/-/source-map-0.6.1.tgz",
          "integrity": "sha512-UjgapumWlbMhkBgzT7Ykc5YXUT46F0iKu8SGXq0bcwP5dz/h0Plj6enJqjz1Zbq2l5WaqYnrVbwWOWMyF3F47g=="
        }
      }
    },
    "riot": {
      "version": "4.4.0",
      "resolved": "https://registry.npmjs.org/riot/-/riot-4.4.0.tgz",
      "integrity": "sha512-mcs36LOsBIMMzU3LvNk8KEqr8/vYw+XyDJad63VGdS9kMpKKhtrygEMPxbW/KCG+GTlVOLJ7GgMWV/C59ne4pw==",
      "requires": {
        "@riotjs/compiler": "^4.3.10",
        "@riotjs/dom-bindings": "^4.2.5",
        "bianco.attr": "^1.0.0",
        "bianco.query": "^1.0.0",
        "cumpa": "^1.0.1",
        "curri": "^1.0.1"
      }
    },
    "source-map": {
      "version": "0.7.3",
      "resolved": "https://registry.npmjs.org/source-map/-/source-map-0.7.3.tgz",
      "integrity": "sha512-CkCj6giN3S+n9qrYiBTX5gystlENnRW5jZeNLHpe6aue+SrHcG5VYwujhW9s4dY31mEGsxBDrHR6oI69fTXsaQ=="
    },
    "type-fest": {
      "version": "0.6.0",
      "resolved": "https://registry.npmjs.org/type-fest/-/type-fest-0.6.0.tgz",
      "integrity": "sha512-q+MB8nYR1KDLrgr4G5yemftpMC7/QLqVndBmEEdqzmNj5dcFOO4Oo8qlwZE3ULT3+Zim1F8Kq4cBnikNhlCMlg=="
    }
  }
}
