{
    "name": "polymer3",
    "version": "1.0.0",
    "lockfileVersion": 1,
    "requires": true,
    "dependencies": {
        "@polymer/iron-a11y-announcer": {
            "version": "3.0.0-pre.16",
            "resolved": "https://registry.npmjs.org/@polymer/iron-a11y-announcer/-/iron-a11y-announcer-3.0.0-pre.16.tgz",
            "integrity": "sha512-+0Z2KjyxbLB/voibVXX5OMHSqEsMzVwoVWfaMqqGPc7B0BVn54d5zYDQXoy1n+F7h8z3uYRBt9R98eu0C9ZHfA==",
            "requires": {
                "@polymer/polymer": "3.0.0-pre.13"
            }
        },
        "@polymer/iron-ajax": {
            "version": "3.0.0-pre.16",
            "resolved": "https://registry.npmjs.org/@polymer/iron-ajax/-/iron-ajax-3.0.0-pre.16.tgz",
            "integrity": "sha512-nzHZhYjaKvcmBFC/gq4AU8Dt7u8dh6BbIlf1k0EK1vuRf69UBu/ih2AY2W/Oj/S5akjxKRE8pdZX1VE+32CkCw==",
            "requires": {
                "@polymer/polymer": "3.0.0-pre.13"
            }
        },
        "@polymer/iron-form": {
            "version": "3.0.0-pre.16",
            "resolved": "https://registry.npmjs.org/@polymer/iron-form/-/iron-form-3.0.0-pre.16.tgz",
            "integrity": "sha512-T0HYWY+71GoIMkgQcWM/aMEmmxEK3Pd+YvkHFULJc/HUxBCmS7lBE5pIkOR7yxzq9egMWeNNAG64RoIpv1jeGg==",
            "requires": {
                "@polymer/iron-ajax": "3.0.0-pre.16",
                "@polymer/polymer": "3.0.0-pre.13"
            }
        },
        "@polymer/iron-input": {
            "version": "3.0.0-pre.16",
            "resolved": "https://registry.npmjs.org/@polymer/iron-input/-/iron-input-3.0.0-pre.16.tgz",
            "integrity": "sha512-EBPxroBsAw0kaCTnBW4w9c8wi0ZjTXDFsVm5Xv7o4xFmWkXsXExK0wxKbUfM+AdDi9GPHXyd1YBoQcIJM5LHXw==",
            "requires": {
                "@polymer/iron-a11y-announcer": "3.0.0-pre.16",
                "@polymer/iron-validatable-behavior": "3.0.0-pre.16",
                "@polymer/polymer": "3.0.0-pre.13"
            }
        },
        "@polymer/iron-meta": {
            "version": "3.0.0-pre.16",
            "resolved": "https://registry.npmjs.org/@polymer/iron-meta/-/iron-meta-3.0.0-pre.16.tgz",
            "integrity": "sha512-WbuDm4qxsaVegRRfCEHfHsQcudvGoyaCNUIQbPeFWYUuw41O9ai1/TIcKThh+8yUuE7Fp3qlkwdx/SxPImXXWQ==",
            "requires": {
                "@polymer/polymer": "3.0.0-pre.13"
            }
        },
        "@polymer/iron-validatable-behavior": {
            "version": "3.0.0-pre.16",
            "resolved": "https://registry.npmjs.org/@polymer/iron-validatable-behavior/-/iron-validatable-behavior-3.0.0-pre.16.tgz",
            "integrity": "sha512-v9CBhXfnAIhdxTXdUpXsArAijbmQfRVro6fvS9MszQx7ehnPuYTWjvqDfWTp3RX0ffDcaP0+zbkoMwwjZk9uzg==",
            "requires": {
                "@polymer/iron-meta": "3.0.0-pre.16",
                "@polymer/polymer": "3.0.0-pre.13"
            }
        },
        "@polymer/polymer": {
            "version": "3.0.0-pre.13",
            "resolved": "https://registry.npmjs.org/@polymer/polymer/-/polymer-3.0.0-pre.13.tgz",
            "integrity": "sha512-dUoguCkr4XFVQ3WT4Kpc/Mkmqfo0CPj355uvF8n4hQWraJXxQI/f41fLTiXRHhwpZwe+ZMZ48Z5YkG/5Wzlmjw==",
            "requires": {
                "@webcomponents/shadycss": "1.2.0-0"
            }
        },
        "@types/estree": {
            "version": "0.0.38",
            "resolved": "https://registry.npmjs.org/@types/estree/-/estree-0.0.38.tgz",
            "integrity": "sha512-F/v7t1LwS4vnXuPooJQGBRKRGIoxWUTmA4VHfqjOccFsNDThD5bfUNpITive6s352O7o384wcpEaDV8rHCehDA==",
            "dev": true
        },
        "@types/node": {
            "version": "10.0.4",
            "resolved": "https://registry.npmjs.org/@types/node/-/node-10.0.4.tgz",
            "integrity": "sha512-RisaZmcmCLjRipAY7nVi3fmkIk4Z0JMn8YHdGF6qYMsIDpD0dfzz+3yy2dL5Q5aHWOnqPx51IRxkA44myknJvw==",
            "dev": true
        },
        "@webcomponents/shadycss": {
            "version": "1.2.0-0",
            "resolved": "https://registry.npmjs.org/@webcomponents/shadycss/-/shadycss-1.2.0-0.tgz",
            "integrity": "sha512-NShZ8DRiPnsBFpbbhITL5KZd47cU0v8paRc3F5I/TkC7MX/UtUEvvmQN6ghffb4oNVTC3Aqt95vK2JFaFgDLtw=="
        },
        "@webcomponents/webcomponentsjs": {
            "version": "1.2.0",
            "resolved": "https://registry.npmjs.org/@webcomponents/webcomponentsjs/-/webcomponentsjs-1.2.0.tgz",
            "integrity": "sha512-P9JWydfpBR+CK12UwtBaoD/lYF3PR9XBArAWk5J9nfPaJwA3OUox4StZmyFSVDLsvpFq5HsEtxU/OdHAlAWPnw=="
        },
        "builtin-modules": {
            "version": "2.0.0",
            "resolved": "https://registry.npmjs.org/builtin-modules/-/builtin-modules-2.0.0.tgz",
            "integrity": "sha512-3U5kUA5VPsRUA3nofm/BXX7GVHKfxz0hOBAPxXrIvHzlDRkQVqEn6yi8QJegxl4LzOHLdvb7XF5dVawa/VVYBg==",
            "dev": true
        },
        "commander": {
            "version": "2.13.0",
            "resolved": "https://registry.npmjs.org/commander/-/commander-2.13.0.tgz",
            "integrity": "sha512-MVuS359B+YzaWqjCL/c+22gfryv+mCBPHAv3zyVI2GN8EY6IRP8VwtasXn8jyyhvvq84R4ImN1OKRtcbIasjYA==",
            "dev": true
        },
        "is-module": {
            "version": "1.0.0",
            "resolved": "https://registry.npmjs.org/is-module/-/is-module-1.0.0.tgz",
            "integrity": "sha1-Mlj7afeMFNW4FdZkM2tM/7ZEFZE=",
            "dev": true
        },
        "path-parse": {
            "version": "1.0.5",
            "resolved": "https://registry.npmjs.org/path-parse/-/path-parse-1.0.5.tgz",
            "integrity": "sha1-PBrfhx6pzWyUMbbqK9dKD/BVxME=",
            "dev": true
        },
        "resolve": {
            "version": "1.7.1",
            "resolved": "https://registry.npmjs.org/resolve/-/resolve-1.7.1.tgz",
            "integrity": "sha512-c7rwLofp8g1U+h1KNyHL/jicrKg1Ek4q+Lr33AL65uZTinUZHe30D5HlyN5V9NW0JX1D5dXQ4jqW5l7Sy/kGfw==",
            "dev": true,
            "requires": {
                "path-parse": "1.0.5"
            }
        },
        "rollup": {
            "version": "0.58.2",
            "resolved": "https://registry.npmjs.org/rollup/-/rollup-0.58.2.tgz",
            "integrity": "sha512-RZVvCWm9BHOYloaE6LLiE/ibpjv1CmI8F8k0B0Cp+q1eezo3cswszJH1DN0djgzSlo0hjuuCmyeI+1XOYLl4wg==",
            "dev": true,
            "requires": {
                "@types/estree": "0.0.38",
                "@types/node": "10.0.4"
            }
        },
        "rollup-plugin-node-resolve": {
            "version": "3.3.0",
            "resolved": "https://registry.npmjs.org/rollup-plugin-node-resolve/-/rollup-plugin-node-resolve-3.3.0.tgz",
            "integrity": "sha512-9zHGr3oUJq6G+X0oRMYlzid9fXicBdiydhwGChdyeNRGPcN/majtegApRKHLR5drboUvEWU+QeUmGTyEZQs3WA==",
            "dev": true,
            "requires": {
                "builtin-modules": "2.0.0",
                "is-module": "1.0.0",
                "resolve": "1.7.1"
            }
        },
        "source-map": {
            "version": "0.6.1",
            "resolved": "https://registry.npmjs.org/source-map/-/source-map-0.6.1.tgz",
            "integrity": "sha512-UjgapumWlbMhkBgzT7Ykc5YXUT46F0iKu8SGXq0bcwP5dz/h0Plj6enJqjz1Zbq2l5WaqYnrVbwWOWMyF3F47g==",
            "dev": true
        },
        "uglify-es": {
            "version": "3.3.9",
            "resolved": "https://registry.npmjs.org/uglify-es/-/uglify-es-3.3.9.tgz",
            "integrity": "sha512-r+MU0rfv4L/0eeW3xZrd16t4NZfK8Ld4SWVglYBb7ez5uXFWHuVRs6xCTrf1yirs9a4j4Y27nn7SRfO6v67XsQ==",
            "dev": true,
            "requires": {
                "commander": "2.13.0",
                "source-map": "0.6.1"
            }
        }
    }
}
