{
    "name": "todo-slim.js",
    "version": "1.0.0",
    "lockfileVersion": 1,
    "requires": true,
    "dependencies": {
        "slim-js": {
            "version": "4.0.7",
            "resolved": "https://registry.npmjs.org/slim-js/-/slim-js-4.0.7.tgz",
            "integrity": "sha512-UiTdqWyxqSWsUCa6YTy3L0n8lngfELOY6QEAM4qVyYOhOK1XcsAl7lDXf3pij3lbn0L1ckwfXsTlg+nafsszSw=="
        }
    }
}
