{
    "name": "pascal-triangle-riot",
    "version": "1.0.0",
    "lockfileVersion": 1,
    "requires": true,
    "dependencies": {
        "@riotjs/compiler": {
            "version": "4.2.6",
            "resolved": "https://registry.npmjs.org/@riotjs/compiler/-/compiler-4.2.6.tgz",
            "integrity": "sha512-OPmF0+sHwxxrGrtcZt4Ad2Q0FLDM14uSU3axIUpU5OFLuK+mFFCEy1I+10fiKA2ZMWAxnBm1g8z79LHPbUHLVQ==",
            "requires": {
                "@riotjs/dom-bindings": "^4.1.1",
                "@riotjs/parser": "^4.0.1",
                "acorn": "^6.1.1",
                "cumpa": "^1.0.1",
                "curri": "^1.0.1",
                "dom-nodes": "^1.0.0",
                "globals": "^11.12.0",
                "recast": "^0.18.1",
                "source-map": "^0.7.3"
            }
        },
        "@riotjs/dom-bindings": {
            "version": "4.1.1",
            "resolved": "https://registry.npmjs.org/@riotjs/dom-bindings/-/dom-bindings-4.1.1.tgz",
            "integrity": "sha512-56Xztew/RPznPldmn1LO8mKPU/TXfF4hlUpQE3tcIEvsPTLJytmuwGjHcEOubXbDJrKTVOLOPvsoPkyK4JCj9A==",
            "requires": {
                "domdiff": "^2.0.3"
            }
        },
        "@riotjs/parser": {
            "version": "4.0.1",
            "resolved": "https://registry.npmjs.org/@riotjs/parser/-/parser-4.0.1.tgz",
            "integrity": "sha512-0/gI8oeDkDF9+0YKRyd1mCrOuBJ+dgHyHovqka5zb2IH3j3p3EkGtYZHENRp9ZrEJMMxw9QN2boLsICT77Veyg==",
            "requires": {
                "curri": "^1.0.1",
                "dom-nodes": "^1.0.0"
            }
        },
        "@ungap/essential-map": {
            "version": "0.1.7",
            "resolved": "https://registry.npmjs.org/@ungap/essential-map/-/essential-map-0.1.7.tgz",
            "integrity": "sha512-zkugZ6xxu0tHHTOfoce5B7ax2anIRP7hGIwKh5MEWH5mWPNXLigxEubkKv5WLUsFELCdKaMfjdqfI0H0/tLhpw=="
        },
        "acorn": {
            "version": "6.1.1",
            "resolved": "https://registry.npmjs.org/acorn/-/acorn-6.1.1.tgz",
            "integrity": "sha512-jPTiwtOxaHNaAPg/dmrJ/beuzLRnXtB0kQPQ8JpotKJgTB6rX6c8mlf315941pyjBSaPg8NHXS9fhP4u17DpGA=="
        },
        "ast-types": {
            "version": "0.13.1",
            "resolved": "https://registry.npmjs.org/ast-types/-/ast-types-0.13.1.tgz",
            "integrity": "sha512-b+EeK0WlzrSmpMw5jktWvQGxblpWnvMrV+vOp69RLjzGiHwWV0vgq75DPKtUjppKni3yWwSW8WLGV3Ch/XIWcQ=="
        },
        "bianco.attr": {
            "version": "1.0.0",
            "resolved": "https://registry.npmjs.org/bianco.attr/-/bianco.attr-1.0.0.tgz",
            "integrity": "sha512-ry700auBXrfRcn18wgOlDeCIAOy1HKnUrM96hc2xbzt4FQL+pfXTUGrt++gg9/rpp7JD4JUXi0X1OB7um+jm2w==",
            "requires": {
                "bianco.dom-to-array": "^0.0.10"
            }
        },
        "bianco.dom-to-array": {
            "version": "0.0.10",
            "resolved": "https://registry.npmjs.org/bianco.dom-to-array/-/bianco.dom-to-array-0.0.10.tgz",
            "integrity": "sha512-EFYkcEGPmIqatvh+6I2eF6/X4mDtEyGoBucqmudJ5qABbFOw3RPIWB913aLD1FTaux8pZtYzD/yvcwGJKSNgXg=="
        },
        "bianco.query": {
            "version": "1.0.0",
            "resolved": "https://registry.npmjs.org/bianco.query/-/bianco.query-1.0.0.tgz",
            "integrity": "sha512-pDstv5+tsuw//wNuPnXuf4DjyN116tcH/a7hxbqH1OpWMsBgBkp/O29uxlWEZWN5e6hCaGajLNA9CAGTsgYeWw==",
            "requires": {
                "bianco.dom-to-array": "^0.0.10"
            }
        },
        "cumpa": {
            "version": "1.0.1",
            "resolved": "https://registry.npmjs.org/cumpa/-/cumpa-1.0.1.tgz",
            "integrity": "sha512-Ew3sfG4cqvDFINS1VgdvLX1FIruhySlnP6DRLhB+1EjewiOzhJzKRKPEp/TCuo0RDisSFeuaDrk0S4Q8grF9CA=="
        },
        "curri": {
            "version": "1.0.1",
            "resolved": "https://registry.npmjs.org/curri/-/curri-1.0.1.tgz",
            "integrity": "sha512-VwFb2MGqN0A1RPA0vSgDRSWc0c+V6N9yz8pVYJ9AXILAukRAyCZP5Sqp4VdOxgw1lT0t5oaplwIDT/ruF3Nz7Q=="
        },
        "dom-nodes": {
            "version": "1.0.0",
            "resolved": "https://registry.npmjs.org/dom-nodes/-/dom-nodes-1.0.0.tgz",
            "integrity": "sha512-sF+PTT3CpGyLMLhmZQxDk2VsNFKCqDcQiMw7E4VKjQNMCQmUH7fqXozPX8H+7ydlZ9xsiCRFv7SfLbkoMdhsfw=="
        },
        "domdiff": {
            "version": "2.0.3",
            "resolved": "https://registry.npmjs.org/domdiff/-/domdiff-2.0.3.tgz",
            "integrity": "sha512-De9vNvWnTIhvNs95ZShYY7Bk8dBa4sQ5KS0evKqF5t5f0sywYiw3OmhDbPONoHDZ33toaZOFerZH/qsjeXCm0g==",
            "requires": {
                "@ungap/essential-map": "^0.1.7"
            }
        },
        "esprima": {
            "version": "4.0.1",
            "resolved": "https://registry.npmjs.org/esprima/-/esprima-4.0.1.tgz",
            "integrity": "sha512-eGuFFw7Upda+g4p+QHvnW0RyTX/SVeJBDM/gCtMARO0cLuT2HcEKnTPvhjV6aGeqrCB/sbNop0Kszm0jsaWU4A=="
        },
        "globals": {
            "version": "11.12.0",
            "resolved": "https://registry.npmjs.org/globals/-/globals-11.12.0.tgz",
            "integrity": "sha512-WOBp/EEGUiIsJSp7wcv/y6MO+lV9UoncWqxuFfm8eBwzWNgyfBd6Gz+IeKQ9jCmyhoH99g15M3T+QaVHFjizVA=="
        },
        "private": {
            "version": "0.1.8",
            "resolved": "https://registry.npmjs.org/private/-/private-0.1.8.tgz",
            "integrity": "sha512-VvivMrbvd2nKkiG38qjULzlc+4Vx4wm/whI9pQD35YrARNnhxeiRktSOhSukRLFNlzg6Br/cJPet5J/u19r/mg=="
        },
        "recast": {
            "version": "0.18.1",
            "resolved": "https://registry.npmjs.org/recast/-/recast-0.18.1.tgz",
            "integrity": "sha512-Ri42yIOwHetqKgEhQSS4N1B9wSLn+eYcyLoQfuSpvd661Jty1Q3P0FXkzjIQ9XxTN+3+kRu1JFXbRmUCUmde5Q==",
            "requires": {
                "ast-types": "0.13.1",
                "esprima": "~4.0.0",
                "private": "^0.1.8",
                "source-map": "~0.6.1"
            },
            "dependencies": {
                "source-map": {
                    "version": "0.6.1",
                    "resolved": "https://registry.npmjs.org/source-map/-/source-map-0.6.1.tgz",
                    "integrity": "sha512-UjgapumWlbMhkBgzT7Ykc5YXUT46F0iKu8SGXq0bcwP5dz/h0Plj6enJqjz1Zbq2l5WaqYnrVbwWOWMyF3F47g=="
                }
            }
        },
        "riot": {
            "version": "4.2.0",
            "resolved": "https://registry.npmjs.org/riot/-/riot-4.2.0.tgz",
            "integrity": "sha512-jQl3bcbE8vqjKD83v+mV7a2LHA22WJ6G7daxwY9KrUteicO4i0Z/1rsBQeu65eBUBbfbzkn4RDrbhSohj0aupg==",
            "requires": {
                "@riotjs/compiler": "^4.2.6",
                "@riotjs/dom-bindings": "^4.2.2",
                "bianco.attr": "^1.0.0",
                "bianco.query": "^1.0.0",
                "cumpa": "^1.0.1",
                "curri": "^1.0.1"
            },
            "dependencies": {
                "@riotjs/dom-bindings": {
                    "version": "4.2.2",
                    "resolved": "https://registry.npmjs.org/@riotjs/dom-bindings/-/dom-bindings-4.2.2.tgz",
                    "integrity": "sha512-tus3KhfyL5Vuar7OAcBhhk9z9MR9HvYaaA+yi+uL/w5qc7uvx/DpBMgJFvkBxZncEMSNGyLOTOYAXPE3RnIk7Q==",
                    "requires": {
                        "domdiff": "^2.0.3"
                    }
                }
            }
        },
        "source-map": {
            "version": "0.7.3",
            "resolved": "https://registry.npmjs.org/source-map/-/source-map-0.7.3.tgz",
            "integrity": "sha512-CkCj6giN3S+n9qrYiBTX5gystlENnRW5jZeNLHpe6aue+SrHcG5VYwujhW9s4dY31mEGsxBDrHR6oI69fTXsaQ=="
        }
    }
}
