{
  "name": "native-shadow-dom-hyper-html",
  "version": "1.0.0",
  "lockfileVersion": 1,
  "requires": true,
  "dependencies": {
    "@ungap/create-content": {
      "version": "0.1.4",
      "resolved": "https://registry.npmjs.org/@ungap/create-content/-/create-content-0.1.4.tgz",
      "integrity": "sha512-YM6YQkF5wUxJlw5yDzEAzJfPK/kXR/GxIARx4NNJCInfx/nirHmy3ujPjfi7CaXjcVCwyfpv3vKQm6h762lbRA=="
    },
    "@ungap/custom-event": {
      "version": "0.2.0",
      "resolved": "https://registry.npmjs.org/@ungap/custom-event/-/custom-event-0.2.0.tgz",
      "integrity": "sha512-jovJx+4IaAL8JAzepJXDBVlS9t9mR3vKbbjcHwHCF+sN0KKCYQ2pNVAlQYiRrPqeNBl5VXU7uUDOKBg9ODB+0Q=="
    },
    "@ungap/essential-map": {
      "version": "0.1.7",
      "resolved": "https://registry.npmjs.org/@ungap/essential-map/-/essential-map-0.1.7.tgz",
      "integrity": "sha512-zkugZ6xxu0tHHTOfoce5B7ax2anIRP7hGIwKh5MEWH5mWPNXLigxEubkKv5WLUsFELCdKaMfjdqfI0H0/tLhpw=="
    },
    "@ungap/essential-weakset": {
      "version": "0.1.2",
      "resolved": "https://registry.npmjs.org/@ungap/essential-weakset/-/essential-weakset-0.1.2.tgz",
      "integrity": "sha512-Z7CBb/xr5V6wvdkdxKkDN0iUDz+EFfXW+O715VoWaDm1UiP+drx4U6S6aFhqYpKt0vTfbWHqrjdWj44B8q4A3A=="
    },
    "@ungap/import-node": {
      "version": "0.1.0",
      "resolved": "https://registry.npmjs.org/@ungap/import-node/-/import-node-0.1.0.tgz",
      "integrity": "sha512-FymNeJTWYNrZcnj7HFJwdaAZWrD1bUv8Na60RGIA142qtaRcOZs0KHGh+QSy7u7GNpW6wGnw9EdCQx4IYPE8cg=="
    },
    "@ungap/is-array": {
      "version": "0.1.1",
      "resolved": "https://registry.npmjs.org/@ungap/is-array/-/is-array-0.1.1.tgz",
      "integrity": "sha512-867tkp7LhJsOS3iULhhCluRV69bwyRQgBEwZSkm6VnZs8LFVD6VWFugiWc7Zgxwx4Psbrrou15u57n8YNIbKAQ=="
    },
    "@ungap/template-literal": {
      "version": "0.1.0",
      "resolved": "https://registry.npmjs.org/@ungap/template-literal/-/template-literal-0.1.0.tgz",
      "integrity": "sha512-8a+sfbznWPyK2Ar4Y04UkCSAa6417tG4NVDcuomDWPRG+qS0D0W2Jwc3HqznTQoqzaJkczbOPB+GUP0g5V4TKQ=="
    },
    "@ungap/trim": {
      "version": "0.1.1",
      "resolved": "https://registry.npmjs.org/@ungap/trim/-/trim-0.1.1.tgz",
      "integrity": "sha512-f2jiPMFD8qmoNV5kxZ6RwSwmnloxtGUcG3W5Fbe9rC3vwXlPxWT0g5J0mN3+rM9C/u1p24gIVTSxNBPOtyu7Sw=="
    },
    "@ungap/weakmap": {
      "version": "0.1.4",
      "resolved": "https://registry.npmjs.org/@ungap/weakmap/-/weakmap-0.1.4.tgz",
      "integrity": "sha512-TO4TTwlQXdjHKoWgKxsMqApnOV8JruaNilqOg0I04MTYb5+fj9taIVijS4ILwWg0ytQY5DwTKzPWj+0G+7bsXw=="
    },
    "ansi-styles": {
      "version": "1.0.0",
      "resolved": "https://registry.npmjs.org/ansi-styles/-/ansi-styles-1.0.0.tgz",
      "integrity": "sha1-yxAt8cVvUSPquLZ817mAJ6AnkXg=",
      "dev": true
    },
    "balanced-match": {
      "version": "1.0.0",
      "resolved": "https://registry.npmjs.org/balanced-match/-/balanced-match-1.0.0.tgz",
      "integrity": "sha1-ibTRmasr7kneFk6gK4nORi1xt2c=",
      "dev": true
    },
    "brace-expansion": {
      "version": "1.1.11",
      "resolved": "https://registry.npmjs.org/brace-expansion/-/brace-expansion-1.1.11.tgz",
      "integrity": "sha512-iCuPHDFgrHX7H2vEI/5xpz07zSHB00TpugqhmYtVmMO6518mCuRMoOYFldEBl0g187ufozdaHgWKcYFb61qGiA==",
      "dev": true,
      "requires": {
        "balanced-match": "^1.0.0",
        "concat-map": "0.0.1"
      }
    },
    "chalk": {
      "version": "0.4.0",
      "resolved": "http://registry.npmjs.org/chalk/-/chalk-0.4.0.tgz",
      "integrity": "sha1-UZmj3c0MHv4jvAjBsCewYXbgxk8=",
      "dev": true,
      "requires": {
        "ansi-styles": "~1.0.0",
        "has-color": "~0.1.0",
        "strip-ansi": "~0.1.0"
      }
    },
    "colors": {
      "version": "1.2.4",
      "resolved": "https://registry.npmjs.org/colors/-/colors-1.2.4.tgz",
      "integrity": "sha512-6Y+iBnWmXL+AWtlOp2Vr6R2w5MUlNJRwR0ShVFaAb1CqWzhPOpQg4L0jxD+xpw/Nc8QJwaq3KM79QUCriY8CWQ==",
      "dev": true
    },
    "commander": {
      "version": "2.13.0",
      "resolved": "https://registry.npmjs.org/commander/-/commander-2.13.0.tgz",
      "integrity": "sha512-MVuS359B+YzaWqjCL/c+22gfryv+mCBPHAv3zyVI2GN8EY6IRP8VwtasXn8jyyhvvq84R4ImN1OKRtcbIasjYA==",
      "dev": true
    },
    "concat-map": {
      "version": "0.0.1",
      "resolved": "https://registry.npmjs.org/concat-map/-/concat-map-0.0.1.tgz",
      "integrity": "sha1-2Klr13/Wjfd5OnMDajug1UBdR3s=",
      "dev": true
    },
    "disconnected": {
      "version": "0.1.6",
      "resolved": "https://registry.npmjs.org/disconnected/-/disconnected-0.1.6.tgz",
      "integrity": "sha512-HU7IB9cbQT+ltplB1x5NnEu9g8qHzSRfRw00EPTQKyGpih+MdfCz3bOnczHjtoYWrP6h4cX6e+dJhxJTpTYiMQ=="
    },
    "domdiff": {
      "version": "2.0.2",
      "resolved": "https://registry.npmjs.org/domdiff/-/domdiff-2.0.2.tgz",
      "integrity": "sha512-xmQ4u3GRmd/RDMynLkHkGYcoKIFMWf8E7hqN4osTh/MbB47Fa2IqLkywpqBxOSp/OciCkt1Ny/oDQcLuABGx0A==",
      "requires": {
        "@ungap/essential-map": "^0.1.7"
      }
    },
    "domtagger": {
      "version": "0.1.6",
      "resolved": "https://registry.npmjs.org/domtagger/-/domtagger-0.1.6.tgz",
      "integrity": "sha512-2MwnmGDrQvEHStS3olZS8V+Hksl8m3tUPlaUFBwIY+qSroFsFrBMGrip3bc2bUZII81SNZIfYYdeGYwe99XuAg==",
      "requires": {
        "@ungap/create-content": "^0.1.4",
        "@ungap/essential-map": "^0.1.7",
        "@ungap/import-node": "^0.1.0",
        "@ungap/trim": "^0.1.1",
        "@ungap/weakmap": "^0.1.4"
      }
    },
    "has-color": {
      "version": "0.1.7",
      "resolved": "https://registry.npmjs.org/has-color/-/has-color-0.1.7.tgz",
      "integrity": "sha1-ZxRKUmDDT8PMpnfQQdr1L+e3iy8=",
      "dev": true
    },
    "hyperhtml": {
      "version": "2.21.0",
      "resolved": "https://registry.npmjs.org/hyperhtml/-/hyperhtml-2.21.0.tgz",
      "integrity": "sha512-xAo5B/0yZNpeUvtPwRABHguGFG9IUriNpk6bWxAZtoCNMlPQEGbZLCjlrae0pPqU/8xpegp6i3WXIJNM88w5ZQ==",
      "requires": {
        "@ungap/create-content": "^0.1.1",
        "@ungap/custom-event": "^0.2.0",
        "@ungap/essential-map": "^0.1.7",
        "@ungap/essential-weakset": "^0.1.2",
        "@ungap/is-array": "^0.1.1",
        "@ungap/template-literal": "^0.1.0",
        "@ungap/trim": "^0.1.1",
        "@ungap/weakmap": "^0.1.4",
        "disconnected": "^0.1.6",
        "domdiff": "^2.0.2",
        "domtagger": "^0.1.6",
        "hyperhtml-style": "^0.1.2",
        "lightercollective": "^0.1.0"
      }
    },
    "hyperhtml-element": {
      "version": "3.3.0",
      "resolved": "https://registry.npmjs.org/hyperhtml-element/-/hyperhtml-element-3.3.0.tgz",
      "integrity": "sha512-PW8ezUjH0PoE8zqfeJ7vbyPIE7ylXHSiwh83XYlIWxhFjuRnS5MNKWvJUdZv/vzYbC1p97dBmcBV7fAqzaXFGA==",
      "requires": {
        "hyperhtml": "^2.20.0"
      }
    },
    "hyperhtml-style": {
      "version": "0.1.2",
      "resolved": "https://registry.npmjs.org/hyperhtml-style/-/hyperhtml-style-0.1.2.tgz",
      "integrity": "sha512-ZDRYNClEaqUS0a8RAED0nQRqWmZk7ctdyij3Iw/PqUUef6xhYO87nx9vJNuxg7Yc6J2FdJjXRKbB0iud2ZyzwQ=="
    },
    "lightercollective": {
      "version": "0.1.0",
      "resolved": "https://registry.npmjs.org/lightercollective/-/lightercollective-0.1.0.tgz",
      "integrity": "sha512-J9tg5uraYoQKaWbmrzDDexbG6hHnMcWS1qLYgJSWE+mpA3U5OCSeMUhb+K55otgZJ34oFdR0ECvdIb3xuO5JOQ=="
    },
    "minimatch": {
      "version": "3.0.4",
      "resolved": "https://registry.npmjs.org/minimatch/-/minimatch-3.0.4.tgz",
      "integrity": "sha512-yJHVQEhyqPLUTgt9B83PXu6W3rx4MvvHvSUvToogpwoGDOUQ+yDrR0HRot+yOCdCO7u4hX3pWft6kWBBcqh0UA==",
      "dev": true,
      "requires": {
        "brace-expansion": "^1.1.7"
      }
    },
    "nomnom": {
      "version": "1.8.1",
      "resolved": "https://registry.npmjs.org/nomnom/-/nomnom-1.8.1.tgz",
      "integrity": "sha1-IVH3Ikcrp55Qp2/BJbuMjy5Nwqc=",
      "dev": true,
      "requires": {
        "chalk": "~0.4.0",
        "underscore": "~1.6.0"
      }
    },
    "replace": {
      "version": "1.0.0",
      "resolved": "https://registry.npmjs.org/replace/-/replace-1.0.0.tgz",
      "integrity": "sha512-5qUu+E1YMF9AMeVEoXa9VjEEgHk7cRNs3GWAN3Z1mt0ugwUxFuuXkDuoOS3nuvN9gH4KR/8Bd2R/Q944ofGtuA==",
      "dev": true,
      "requires": {
        "colors": "1.2.4",
        "minimatch": "3.0.4",
        "nomnom": "1.8.1"
      }
    },
    "source-map": {
      "version": "0.6.1",
      "resolved": "https://registry.npmjs.org/source-map/-/source-map-0.6.1.tgz",
      "integrity": "sha512-UjgapumWlbMhkBgzT7Ykc5YXUT46F0iKu8SGXq0bcwP5dz/h0Plj6enJqjz1Zbq2l5WaqYnrVbwWOWMyF3F47g==",
      "dev": true
    },
    "strip-ansi": {
      "version": "0.1.1",
      "resolved": "http://registry.npmjs.org/strip-ansi/-/strip-ansi-0.1.1.tgz",
      "integrity": "sha1-OeipjQRNFQZgq+SmgIrPcLt7yZE=",
      "dev": true
    },
    "uglify-es": {
      "version": "3.3.9",
      "resolved": "https://registry.npmjs.org/uglify-es/-/uglify-es-3.3.9.tgz",
      "integrity": "sha512-r+MU0rfv4L/0eeW3xZrd16t4NZfK8Ld4SWVglYBb7ez5uXFWHuVRs6xCTrf1yirs9a4j4Y27nn7SRfO6v67XsQ==",
      "dev": true,
      "requires": {
        "commander": "~2.13.0",
        "source-map": "~0.6.1"
      }
    },
    "underscore": {
      "version": "1.6.0",
      "resolved": "https://registry.npmjs.org/underscore/-/underscore-1.6.0.tgz",
      "integrity": "sha1-izixDKze9jM3uLJOT/htRa6lKag=",
      "dev": true
    }
  }
}
