{
  "name": "native-shadow-dom-hyper-html",
  "version": "1.0.0",
  "lockfileVersion": 1,
  "requires": true,
  "dependencies": {
    "colors": {
      "version": "0.5.1",
      "resolved": "https://registry.npmjs.org/colors/-/colors-0.5.1.tgz",
      "integrity": "sha1-fQAj6usVTo7p/Oddy5I9DtFmd3Q=",
      "dev": true
    },
    "commander": {
      "version": "2.13.0",
      "resolved": "https://registry.npmjs.org/commander/-/commander-2.13.0.tgz",
      "integrity": "sha512-MVuS359B+YzaWqjCL/c+22gfryv+mCBPHAv3zyVI2GN8EY6IRP8VwtasXn8jyyhvvq84R4ImN1OKRtcbIasjYA==",
      "dev": true
    },
    "hyperhtml": {
      "version": "2.10.0",
      "resolved": "https://registry.npmjs.org/hyperhtml/-/hyperhtml-2.10.0.tgz",
      "integrity": "sha512-mPrbJvGugrSEcJ3xe1PX6VeKCKAAaGo5WiVvqkg/cDWvlF/Kbu+kexVsRd1aNyeWu0jmVFMPJaA7yqi9qlFD0Q==",
      "requires": {
        "lightercollective": "^0.0.3"
      }
    },
    "hyperhtml-element": {
      "version": "1.7.0",
      "resolved": "https://registry.npmjs.org/hyperhtml-element/-/hyperhtml-element-1.7.0.tgz",
      "integrity": "sha512-xRXeXWyx0NRooc6F9s+h+0k2xzQ6fhv5mbYPmgRAfGbGtBmzA3wIuvL5SzafVk37ShAquXm4eGA3r1q11ZyAAA==",
      "requires": {
        "hyperhtml": "^2.8.0"
      }
    },
    "lightercollective": {
      "version": "0.0.3",
      "resolved": "https://registry.npmjs.org/lightercollective/-/lightercollective-0.0.3.tgz",
      "integrity": "sha512-AUIsWs96N5tESFu/XpvYJvoaGg0Qf0i5wcjMgop4OVsRNdzII+clf52/FSGeaMiZym6l34JhO6zNFunFUHV3YA=="
    },
    "lru-cache": {
      "version": "2.7.3",
      "resolved": "https://registry.npmjs.org/lru-cache/-/lru-cache-2.7.3.tgz",
      "integrity": "sha1-bUUk6LlV+V1PW1iFHOId1y+06VI=",
      "dev": true
    },
    "minimatch": {
      "version": "0.2.14",
      "resolved": "https://registry.npmjs.org/minimatch/-/minimatch-0.2.14.tgz",
      "integrity": "sha1-x054BXT2PG+aCQ6Q775u9TpqdWo=",
      "dev": true,
      "requires": {
        "lru-cache": "2",
        "sigmund": "~1.0.0"
      }
    },
    "nomnom": {
      "version": "1.6.2",
      "resolved": "https://registry.npmjs.org/nomnom/-/nomnom-1.6.2.tgz",
      "integrity": "sha1-hKZqJgF0QI/Ft3oY+IjszET7aXE=",
      "dev": true,
      "requires": {
        "colors": "0.5.x",
        "underscore": "~1.4.4"
      }
    },
    "replace": {
      "version": "0.3.0",
      "resolved": "https://registry.npmjs.org/replace/-/replace-0.3.0.tgz",
      "integrity": "sha1-YAgXIRiGWFlatqeU63/ty0yNOcc=",
      "dev": true,
      "requires": {
        "colors": "0.5.x",
        "minimatch": "~0.2.9",
        "nomnom": "1.6.x"
      }
    },
    "sigmund": {
      "version": "1.0.1",
      "resolved": "https://registry.npmjs.org/sigmund/-/sigmund-1.0.1.tgz",
      "integrity": "sha1-P/IfGYytIXX587eBhT/ZTQ0ZtZA=",
      "dev": true
    },
    "source-map": {
      "version": "0.6.1",
      "resolved": "https://registry.npmjs.org/source-map/-/source-map-0.6.1.tgz",
      "integrity": "sha512-UjgapumWlbMhkBgzT7Ykc5YXUT46F0iKu8SGXq0bcwP5dz/h0Plj6enJqjz1Zbq2l5WaqYnrVbwWOWMyF3F47g==",
      "dev": true
    },
    "uglify-es": {
      "version": "3.3.9",
      "resolved": "https://registry.npmjs.org/uglify-es/-/uglify-es-3.3.9.tgz",
      "integrity": "sha512-r+MU0rfv4L/0eeW3xZrd16t4NZfK8Ld4SWVglYBb7ez5uXFWHuVRs6xCTrf1yirs9a4j4Y27nn7SRfO6v67XsQ==",
      "dev": true,
      "requires": {
        "commander": "~2.13.0",
        "source-map": "~0.6.1"
      }
    },
    "underscore": {
      "version": "1.4.4",
      "resolved": "https://registry.npmjs.org/underscore/-/underscore-1.4.4.tgz",
      "integrity": "sha1-YaajIBBiKvoHljvzJSA88SI51gQ=",
      "dev": true
    }
  }
}
