{
    "name": "omi-pascal-triangle",
    "version": "1.0.0",
    "lockfileVersion": 1,
    "requires": true,
    "dependencies": {
        "omi": {
            "version": "6.6.7",
            "resolved": "https://registry.npmjs.org/omi/-/omi-6.6.7.tgz",
            "integrity": "sha512-xYFRTDorp6I0kaYqUeMRb9H06hNMHgvd5rG8fj1fa3qeBWkxRBn5gq/pUDxwDSlqruncCtOuGw/PuVJ7F/bPSA=="
        }
    }
}
